
Microsoft Visual Studio Solution File, Format Version 12.00
# Visual Studio 15
VisualStudioVersion = 15.0.27130.2036
MinimumVisualStudioVersion = 10.0.40219.1
Project("{FAE04EC0-301F-11D3-BF4B-00C04F79EFBC}") = "ChubbyLapse", "ChubbyLapse\ChubbyLapse.csproj", "{30670023-2CCA-4D25-AACF-55EC977D5BF0}"
EndProject
Global
	GlobalSection(SolutionConfigurationPlatforms) = preSolution
		Debug|Any CPU = Debug|Any CPU
		Release|Any CPU = Release|Any CPU
	EndGlobalSection
	GlobalSection(ProjectConfigurationPlatforms) = postSolution
		{30670023-2CCA-4D25-AACF-55EC977D5BF0}.Debug|Any CPU.ActiveCfg = Debug|Any CPU
		{30670023-2CCA-4D25-AACF-55EC977D5BF0}.Debug|Any CPU.Build.0 = Debug|Any CPU
		{30670023-2CCA-4D25-AACF-55EC977D5BF0}.Release|Any CPU.ActiveCfg = Release|Any CPU
		{30670023-2CCA-4D25-AACF-55EC977D5BF0}.Release|Any CPU.Build.0 = Release|Any CPU
	EndGlobalSection
	GlobalSection(SolutionProperties) = preSolution
		HideSolutionNode = FALSE
	EndGlobalSection
	GlobalSection(ExtensibilityGlobals) = postSolution
		SolutionGuid = {73C87BAA-DBE3-4F9C-8D16-50D2AB4D93FD}
	EndGlobalSection
EndGlobal
